{
  "nodes": {
    "nixpkgs": {
      "locked": {
        "lastModified": 1606859511,
        "narHash": "sha256-VmXQOnhMxueriTOR8IebHquQJhRtNuWqUizcsV/V9bg=",
        "owner": "NixOS",
        "repo": "nixpkgs",
        "rev": "b1d16d8101ba67d849ef15630d71c7e5bea3c68f",
        "type": "github"
      },
      "original": {
        "id": "nixpkgs",
        "type": "indirect"
      }
    },
    "root": {
      "inputs": {
        "nixpkgs": "nixpkgs"
      }
    }
  },
  "root": "root",
  "version": 7
}
