{
  "nodes": {
    "nixpkgs": {
      "locked": {
        "lastModified": 1604832196,
        "narHash": "sha256-6UH69Ezew96pQiTuKdRa0WrLVsJmti4/2avwEd/Iz10=",
        "owner": "NixOS",
        "repo": "nixpkgs",
        "rev": "6519e0b796addb4d28f7852bdcafcbb0b8b3fe62",
        "type": "github"
      },
      "original": {
        "id": "nixpkgs",
        "type": "indirect"
      }
    },
    "root": {
      "inputs": {
        "nixpkgs": "nixpkgs"
      }
    }
  },
  "root": "root",
  "version": 7
}
